
Microsoft Visual Studio Solution File, Format Version 12.00
# Visual Studio Version 17
VisualStudioVersion = 17.2.32519.379
MinimumVisualStudioVersion = 10.0.40219.1
Project("{FAE04EC0-301F-11D3-BF4B-00C04F79EFBC}") = "CleanMovie.Domain", "CleanMovie.Domain\CleanMovie.Domain.csproj", "{A60FF500-C791-4848-A382-F812D96CE4EE}"
EndProject
Project("{FAE04EC0-301F-11D3-BF4B-00C04F79EFBC}") = "CleanMovie.Application", "..\CleanMovie.Application\CleanMovie.Application.csproj", "{47DC9C00-1D63-411D-AB56-DADE47248D7C}"
EndProject
Project("{FAE04EC0-301F-11D3-BF4B-00C04F79EFBC}") = "CleanMovie.Infrastructure", "..\CleanMovie.Infrastructure\CleanMovie.Infrastructure.csproj", "{D5179F35-EC14-4AA9-916D-B70498365701}"
EndProject
Project("{FAE04EC0-301F-11D3-BF4B-00C04F79EFBC}") = "CleanMovie.API", "..\CleanMovie.API\CleanMovie.API.csproj", "{10ABA7F0-60EC-47BF-8E7A-340D11307C4E}"
EndProject
Global
	GlobalSection(SolutionConfigurationPlatforms) = preSolution
		Debug|Any CPU = Debug|Any CPU
		Release|Any CPU = Release|Any CPU
	EndGlobalSection
	GlobalSection(ProjectConfigurationPlatforms) = postSolution
		{A60FF500-C791-4848-A382-F812D96CE4EE}.Debug|Any CPU.ActiveCfg = Debug|Any CPU
		{A60FF500-C791-4848-A382-F812D96CE4EE}.Debug|Any CPU.Build.0 = Debug|Any CPU
		{A60FF500-C791-4848-A382-F812D96CE4EE}.Release|Any CPU.ActiveCfg = Release|Any CPU
		{A60FF500-C791-4848-A382-F812D96CE4EE}.Release|Any CPU.Build.0 = Release|Any CPU
		{47DC9C00-1D63-411D-AB56-DADE47248D7C}.Debug|Any CPU.ActiveCfg = Debug|Any CPU
		{47DC9C00-1D63-411D-AB56-DADE47248D7C}.Debug|Any CPU.Build.0 = Debug|Any CPU
		{47DC9C00-1D63-411D-AB56-DADE47248D7C}.Release|Any CPU.ActiveCfg = Release|Any CPU
		{47DC9C00-1D63-411D-AB56-DADE47248D7C}.Release|Any CPU.Build.0 = Release|Any CPU
		{D5179F35-EC14-4AA9-916D-B70498365701}.Debug|Any CPU.ActiveCfg = Debug|Any CPU
		{D5179F35-EC14-4AA9-916D-B70498365701}.Debug|Any CPU.Build.0 = Debug|Any CPU
		{D5179F35-EC14-4AA9-916D-B70498365701}.Release|Any CPU.ActiveCfg = Release|Any CPU
		{D5179F35-EC14-4AA9-916D-B70498365701}.Release|Any CPU.Build.0 = Release|Any CPU
		{10ABA7F0-60EC-47BF-8E7A-340D11307C4E}.Debug|Any CPU.ActiveCfg = Debug|Any CPU
		{10ABA7F0-60EC-47BF-8E7A-340D11307C4E}.Debug|Any CPU.Build.0 = Debug|Any CPU
		{10ABA7F0-60EC-47BF-8E7A-340D11307C4E}.Release|Any CPU.ActiveCfg = Release|Any CPU
		{10ABA7F0-60EC-47BF-8E7A-340D11307C4E}.Release|Any CPU.Build.0 = Release|Any CPU
	EndGlobalSection
	GlobalSection(SolutionProperties) = preSolution
		HideSolutionNode = FALSE
	EndGlobalSection
	GlobalSection(ExtensibilityGlobals) = postSolution
		SolutionGuid = {CB599033-6FDB-4258-ABEE-214A208E5C09}
	EndGlobalSection
EndGlobal
